
Microsoft Visual Studio Solution File, Format Version 12.00
# Visual Studio Version 17
VisualStudioVersion = 17.3.32929.385
MinimumVisualStudioVersion = 10.0.40219.1
Project("{FAE04EC0-301F-11D3-BF4B-00C04F79EFBC}") = "Tienda.Api", "Tienda.Api\Tienda.Api.csproj", "{7801E262-73DF-4C5F-86E3-58E9D742595E}"
EndProject
Project("{FAE04EC0-301F-11D3-BF4B-00C04F79EFBC}") = "Tienda.Application", "Tienda.Application\Tienda.Application.csproj", "{87CE1C3D-40F0-4D44-B076-39AD30BDEE85}"
EndProject
Project("{FAE04EC0-301F-11D3-BF4B-00C04F79EFBC}") = "Tienda.Domain", "Tienda.Domain\Tienda.Domain.csproj", "{609996B0-99E4-4B44-B136-D555172B7DBE}"
EndProject
Project("{FAE04EC0-301F-11D3-BF4B-00C04F79EFBC}") = "Tienda.Infrastructure", "Tienda.Infrastructure\Tienda.Infrastructure.csproj", "{D50636AB-669A-4B55-A50D-634260FCF94C}"
EndProject
Project("{FAE04EC0-301F-11D3-BF4B-00C04F79EFBC}") = "Tienda.Utilities", "Tienda.Utilities\Tienda.Utilities.csproj", "{2346F1D7-83C6-4903-AABE-5CCBE7B40686}"
EndProject
Global
	GlobalSection(SolutionConfigurationPlatforms) = preSolution
		Debug|Any CPU = Debug|Any CPU
		Release|Any CPU = Release|Any CPU
	EndGlobalSection
	GlobalSection(ProjectConfigurationPlatforms) = postSolution
		{7801E262-73DF-4C5F-86E3-58E9D742595E}.Debug|Any CPU.ActiveCfg = Debug|Any CPU
		{7801E262-73DF-4C5F-86E3-58E9D742595E}.Debug|Any CPU.Build.0 = Debug|Any CPU
		{7801E262-73DF-4C5F-86E3-58E9D742595E}.Release|Any CPU.ActiveCfg = Release|Any CPU
		{7801E262-73DF-4C5F-86E3-58E9D742595E}.Release|Any CPU.Build.0 = Release|Any CPU
		{87CE1C3D-40F0-4D44-B076-39AD30BDEE85}.Debug|Any CPU.ActiveCfg = Debug|Any CPU
		{87CE1C3D-40F0-4D44-B076-39AD30BDEE85}.Debug|Any CPU.Build.0 = Debug|Any CPU
		{87CE1C3D-40F0-4D44-B076-39AD30BDEE85}.Release|Any CPU.ActiveCfg = Release|Any CPU
		{87CE1C3D-40F0-4D44-B076-39AD30BDEE85}.Release|Any CPU.Build.0 = Release|Any CPU
		{609996B0-99E4-4B44-B136-D555172B7DBE}.Debug|Any CPU.ActiveCfg = Debug|Any CPU
		{609996B0-99E4-4B44-B136-D555172B7DBE}.Debug|Any CPU.Build.0 = Debug|Any CPU
		{609996B0-99E4-4B44-B136-D555172B7DBE}.Release|Any CPU.ActiveCfg = Release|Any CPU
		{609996B0-99E4-4B44-B136-D555172B7DBE}.Release|Any CPU.Build.0 = Release|Any CPU
		{D50636AB-669A-4B55-A50D-634260FCF94C}.Debug|Any CPU.ActiveCfg = Debug|Any CPU
		{D50636AB-669A-4B55-A50D-634260FCF94C}.Debug|Any CPU.Build.0 = Debug|Any CPU
		{D50636AB-669A-4B55-A50D-634260FCF94C}.Release|Any CPU.ActiveCfg = Release|Any CPU
		{D50636AB-669A-4B55-A50D-634260FCF94C}.Release|Any CPU.Build.0 = Release|Any CPU
		{2346F1D7-83C6-4903-AABE-5CCBE7B40686}.Debug|Any CPU.ActiveCfg = Debug|Any CPU
		{2346F1D7-83C6-4903-AABE-5CCBE7B40686}.Debug|Any CPU.Build.0 = Debug|Any CPU
		{2346F1D7-83C6-4903-AABE-5CCBE7B40686}.Release|Any CPU.ActiveCfg = Release|Any CPU
		{2346F1D7-83C6-4903-AABE-5CCBE7B40686}.Release|Any CPU.Build.0 = Release|Any CPU
	EndGlobalSection
	GlobalSection(SolutionProperties) = preSolution
		HideSolutionNode = FALSE
	EndGlobalSection
	GlobalSection(ExtensibilityGlobals) = postSolution
		SolutionGuid = {A1BE771F-8B14-468F-9445-5A425042D3E4}
	EndGlobalSection
EndGlobal
